
Microsoft Visual Studio Solution File, Format Version 12.00
# Visual Studio Version 16
VisualStudioVersion = 16.0.30907.101
MinimumVisualStudioVersion = 10.0.40219.1
Project("{FAE04EC0-301F-11D3-BF4B-00C04F79EFBC}") = "Attendance-Manage", "Attendance-Manage\Attendance-Manage.csproj", "{78601018-1B9B-4415-B504-885540DED340}"
EndProject
Global
	GlobalSection(SolutionConfigurationPlatforms) = preSolution
		Debug|Any CPU = Debug|Any CPU
		Release|Any CPU = Release|Any CPU
	EndGlobalSection
	GlobalSection(ProjectConfigurationPlatforms) = postSolution
		{78601018-1B9B-4415-B504-885540DED340}.Debug|Any CPU.ActiveCfg = Debug|Any CPU
		{78601018-1B9B-4415-B504-885540DED340}.Debug|Any CPU.Build.0 = Debug|Any CPU
		{78601018-1B9B-4415-B504-885540DED340}.Release|Any CPU.ActiveCfg = Release|Any CPU
		{78601018-1B9B-4415-B504-885540DED340}.Release|Any CPU.Build.0 = Release|Any CPU
	EndGlobalSection
	GlobalSection(SolutionProperties) = preSolution
		HideSolutionNode = FALSE
	EndGlobalSection
	GlobalSection(ExtensibilityGlobals) = postSolution
		SolutionGuid = {DE16B4E5-0CC0-45FE-8D37-5A06DC27DC0B}
	EndGlobalSection
EndGlobal
